
Microsoft Visual Studio Solution File, Format Version 12.00
# Visual Studio Version 17
VisualStudioVersion = 17.8.34408.163
MinimumVisualStudioVersion = 10.0.40219.1
Project("{FAE04EC0-301F-11D3-BF4B-00C04F79EFBC}") = "BookstoreBackend", "BookstoreBackend.csproj", "{EB99AF57-E7FA-4210-9F57-5ABAC293B08B}"
EndProject
Project("{FAE04EC0-301F-11D3-BF4B-00C04F79EFBC}") = "RepositoryLayer", "..\RepositoryLayer\RepositoryLayer.csproj", "{83412CF5-B6E4-4BA4-93EE-167EA6C92C7F}"
EndProject
Project("{FAE04EC0-301F-11D3-BF4B-00C04F79EFBC}") = "ManagerLayer", "..\ManagerLayer\ManagerLayer.csproj", "{CEC44337-2B79-4D42-9C66-CACB3BDCE350}"
EndProject
Project("{FAE04EC0-301F-11D3-BF4B-00C04F79EFBC}") = "CommonLayer", "..\CommonLayer\CommonLayer.csproj", "{10895698-0A2C-40F2-9468-E95A4F5D1B54}"
EndProject
Global
	GlobalSection(SolutionConfigurationPlatforms) = preSolution
		Debug|Any CPU = Debug|Any CPU
		Release|Any CPU = Release|Any CPU
	EndGlobalSection
	GlobalSection(ProjectConfigurationPlatforms) = postSolution
		{EB99AF57-E7FA-4210-9F57-5ABAC293B08B}.Debug|Any CPU.ActiveCfg = Debug|Any CPU
		{EB99AF57-E7FA-4210-9F57-5ABAC293B08B}.Debug|Any CPU.Build.0 = Debug|Any CPU
		{EB99AF57-E7FA-4210-9F57-5ABAC293B08B}.Release|Any CPU.ActiveCfg = Release|Any CPU
		{EB99AF57-E7FA-4210-9F57-5ABAC293B08B}.Release|Any CPU.Build.0 = Release|Any CPU
		{83412CF5-B6E4-4BA4-93EE-167EA6C92C7F}.Debug|Any CPU.ActiveCfg = Debug|Any CPU
		{83412CF5-B6E4-4BA4-93EE-167EA6C92C7F}.Debug|Any CPU.Build.0 = Debug|Any CPU
		{83412CF5-B6E4-4BA4-93EE-167EA6C92C7F}.Release|Any CPU.ActiveCfg = Release|Any CPU
		{83412CF5-B6E4-4BA4-93EE-167EA6C92C7F}.Release|Any CPU.Build.0 = Release|Any CPU
		{CEC44337-2B79-4D42-9C66-CACB3BDCE350}.Debug|Any CPU.ActiveCfg = Debug|Any CPU
		{CEC44337-2B79-4D42-9C66-CACB3BDCE350}.Debug|Any CPU.Build.0 = Debug|Any CPU
		{CEC44337-2B79-4D42-9C66-CACB3BDCE350}.Release|Any CPU.ActiveCfg = Release|Any CPU
		{CEC44337-2B79-4D42-9C66-CACB3BDCE350}.Release|Any CPU.Build.0 = Release|Any CPU
		{10895698-0A2C-40F2-9468-E95A4F5D1B54}.Debug|Any CPU.ActiveCfg = Debug|Any CPU
		{10895698-0A2C-40F2-9468-E95A4F5D1B54}.Debug|Any CPU.Build.0 = Debug|Any CPU
		{10895698-0A2C-40F2-9468-E95A4F5D1B54}.Release|Any CPU.ActiveCfg = Release|Any CPU
		{10895698-0A2C-40F2-9468-E95A4F5D1B54}.Release|Any CPU.Build.0 = Release|Any CPU
	EndGlobalSection
	GlobalSection(SolutionProperties) = preSolution
		HideSolutionNode = FALSE
	EndGlobalSection
	GlobalSection(ExtensibilityGlobals) = postSolution
		SolutionGuid = {CCDEAFDC-C535-4A5A-BE18-9DBF1C1F4FF4}
	EndGlobalSection
EndGlobal
